
Microsoft Visual Studio Solution File, Format Version 12.00
# Visual Studio 16
Project("{FAE04EC0-301F-11D3-BF4B-00C04F79EFBC}") = "Assembly-CSharp", "Assembly-CSharp.csproj", "{0DCF3651-4F0F-90C8-1926-F76F3111133D}"
EndProject
Global
	GlobalSection(SolutionConfigurationPlatforms) = preSolution
		Debug|Any CPU = Debug|Any CPU
		Release|Any CPU = Release|Any CPU
	EndGlobalSection
	GlobalSection(ProjectConfigurationPlatforms) = postSolution
		{0DCF3651-4F0F-90C8-1926-F76F3111133D}.Debug|Any CPU.ActiveCfg = Debug|Any CPU
		{0DCF3651-4F0F-90C8-1926-F76F3111133D}.Debug|Any CPU.Build.0 = Debug|Any CPU
		{0DCF3651-4F0F-90C8-1926-F76F3111133D}.Release|Any CPU.ActiveCfg = Release|Any CPU
		{0DCF3651-4F0F-90C8-1926-F76F3111133D}.Release|Any CPU.Build.0 = Release|Any CPU
	EndGlobalSection
	GlobalSection(SolutionProperties) = preSolution
		HideSolutionNode = FALSE
	EndGlobalSection
EndGlobal
